
Microsoft Visual Studio Solution File, Format Version 12.00
# Visual Studio Version 16
VisualStudioVersion = 16.0.31424.327
MinimumVisualStudioVersion = 10.0.40219.1
Project("{2150E333-8FDC-42A3-9474-1A3956D46DE8}") = "01-InfraEstructura", "01-InfraEstructura", "{80D68677-16E3-47B5-AE72-0F3940CFB2FE}"
EndProject
Project("{2150E333-8FDC-42A3-9474-1A3956D46DE8}") = "02-Repositorio", "02-Repositorio", "{E5130C11-ADAC-4086-A2D8-6854F419C3BE}"
EndProject
Project("{2150E333-8FDC-42A3-9474-1A3956D46DE8}") = "03-Aplicacion", "03-Aplicacion", "{71C4A502-4820-40CA-B980-9B5E0921212F}"
EndProject
Project("{2150E333-8FDC-42A3-9474-1A3956D46DE8}") = "04-Servicio", "04-Servicio", "{1CF3AAFA-DEA5-4070-A18D-12FDD67FFFA5}"
EndProject
Project("{2150E333-8FDC-42A3-9474-1A3956D46DE8}") = "05-Cliente", "05-Cliente", "{8D86B9E9-DCB9-4B9C-B99A-9295E14B9CE7}"
EndProject
Project("{9A19103F-16F7-4668-BE54-9A1E7A4F7556}") = "Minem.Sgpam.InfraEstructura", "Minem.Sgpam.InfraEstructura\Minem.Sgpam.InfraEstructura.csproj", "{F981DA2B-ACC6-4665-9B71-4F89A557243A}"
EndProject
Project("{9A19103F-16F7-4668-BE54-9A1E7A4F7556}") = "Minem.Sgpam.AccesoDatos", "Minem.Sgpam.AccesoDatos\Minem.Sgpam.AccesoDatos.csproj", "{E07F3763-B021-4B7F-AB52-222F1BDBC150}"
EndProject
Project("{9A19103F-16F7-4668-BE54-9A1E7A4F7556}") = "Minem.Sgpam.Entidades", "Minem.Sgpam.Entidades\Minem.Sgpam.Entidades.csproj", "{C5B0629B-4E8D-4077-A6D4-DD75967D24C9}"
EndProject
Project("{9A19103F-16F7-4668-BE54-9A1E7A4F7556}") = "Minem.Sgpam.LogicaNegocio", "Minem.Sgpam.LogicaNegocio\Minem.Sgpam.LogicaNegocio.csproj", "{E1F31D0B-14DB-4A54-B3E4-D41361B9CA93}"
EndProject
Project("{9A19103F-16F7-4668-BE54-9A1E7A4F7556}") = "Minem.Sgpam.TransporteDatos", "Minem.Sgpam.TransporteDatos\Minem.Sgpam.TransporteDatos.csproj", "{E2A07273-6817-424B-A251-4F20991858F5}"
EndProject
Project("{9A19103F-16F7-4668-BE54-9A1E7A4F7556}") = "Minem.Sgpam.WebApi", "Minem.Sgpam.WebApi\Minem.Sgpam.WebApi.csproj", "{07B54215-27AE-4EB9-B628-8F73A43F20BD}"
EndProject
Project("{9A19103F-16F7-4668-BE54-9A1E7A4F7556}") = "Minem.Sgpam.ClienteInterno", "Minem.Sgpam.ClienteInterno\Minem.Sgpam.ClienteInterno.csproj", "{2CB9077F-4693-42C9-80D4-4A97D55EF291}"
EndProject
Global
	GlobalSection(SolutionConfigurationPlatforms) = preSolution
		Debug|Any CPU = Debug|Any CPU
		Release|Any CPU = Release|Any CPU
	EndGlobalSection
	GlobalSection(ProjectConfigurationPlatforms) = postSolution
		{F981DA2B-ACC6-4665-9B71-4F89A557243A}.Debug|Any CPU.ActiveCfg = Debug|Any CPU
		{F981DA2B-ACC6-4665-9B71-4F89A557243A}.Debug|Any CPU.Build.0 = Debug|Any CPU
		{F981DA2B-ACC6-4665-9B71-4F89A557243A}.Release|Any CPU.ActiveCfg = Release|Any CPU
		{F981DA2B-ACC6-4665-9B71-4F89A557243A}.Release|Any CPU.Build.0 = Release|Any CPU
		{E07F3763-B021-4B7F-AB52-222F1BDBC150}.Debug|Any CPU.ActiveCfg = Debug|Any CPU
		{E07F3763-B021-4B7F-AB52-222F1BDBC150}.Debug|Any CPU.Build.0 = Debug|Any CPU
		{E07F3763-B021-4B7F-AB52-222F1BDBC150}.Release|Any CPU.ActiveCfg = Release|Any CPU
		{E07F3763-B021-4B7F-AB52-222F1BDBC150}.Release|Any CPU.Build.0 = Release|Any CPU
		{C5B0629B-4E8D-4077-A6D4-DD75967D24C9}.Debug|Any CPU.ActiveCfg = Debug|Any CPU
		{C5B0629B-4E8D-4077-A6D4-DD75967D24C9}.Debug|Any CPU.Build.0 = Debug|Any CPU
		{C5B0629B-4E8D-4077-A6D4-DD75967D24C9}.Release|Any CPU.ActiveCfg = Release|Any CPU
		{C5B0629B-4E8D-4077-A6D4-DD75967D24C9}.Release|Any CPU.Build.0 = Release|Any CPU
		{E1F31D0B-14DB-4A54-B3E4-D41361B9CA93}.Debug|Any CPU.ActiveCfg = Debug|Any CPU
		{E1F31D0B-14DB-4A54-B3E4-D41361B9CA93}.Debug|Any CPU.Build.0 = Debug|Any CPU
		{E1F31D0B-14DB-4A54-B3E4-D41361B9CA93}.Release|Any CPU.ActiveCfg = Release|Any CPU
		{E1F31D0B-14DB-4A54-B3E4-D41361B9CA93}.Release|Any CPU.Build.0 = Release|Any CPU
		{E2A07273-6817-424B-A251-4F20991858F5}.Debug|Any CPU.ActiveCfg = Debug|Any CPU
		{E2A07273-6817-424B-A251-4F20991858F5}.Debug|Any CPU.Build.0 = Debug|Any CPU
		{E2A07273-6817-424B-A251-4F20991858F5}.Release|Any CPU.ActiveCfg = Release|Any CPU
		{E2A07273-6817-424B-A251-4F20991858F5}.Release|Any CPU.Build.0 = Release|Any CPU
		{07B54215-27AE-4EB9-B628-8F73A43F20BD}.Debug|Any CPU.ActiveCfg = Debug|Any CPU
		{07B54215-27AE-4EB9-B628-8F73A43F20BD}.Debug|Any CPU.Build.0 = Debug|Any CPU
		{07B54215-27AE-4EB9-B628-8F73A43F20BD}.Release|Any CPU.ActiveCfg = Release|Any CPU
		{07B54215-27AE-4EB9-B628-8F73A43F20BD}.Release|Any CPU.Build.0 = Release|Any CPU
		{2CB9077F-4693-42C9-80D4-4A97D55EF291}.Debug|Any CPU.ActiveCfg = Debug|Any CPU
		{2CB9077F-4693-42C9-80D4-4A97D55EF291}.Debug|Any CPU.Build.0 = Debug|Any CPU
		{2CB9077F-4693-42C9-80D4-4A97D55EF291}.Release|Any CPU.ActiveCfg = Release|Any CPU
		{2CB9077F-4693-42C9-80D4-4A97D55EF291}.Release|Any CPU.Build.0 = Release|Any CPU
	EndGlobalSection
	GlobalSection(SolutionProperties) = preSolution
		HideSolutionNode = FALSE
	EndGlobalSection
	GlobalSection(NestedProjects) = preSolution
		{F981DA2B-ACC6-4665-9B71-4F89A557243A} = {80D68677-16E3-47B5-AE72-0F3940CFB2FE}
		{E07F3763-B021-4B7F-AB52-222F1BDBC150} = {E5130C11-ADAC-4086-A2D8-6854F419C3BE}
		{C5B0629B-4E8D-4077-A6D4-DD75967D24C9} = {E5130C11-ADAC-4086-A2D8-6854F419C3BE}
		{E1F31D0B-14DB-4A54-B3E4-D41361B9CA93} = {71C4A502-4820-40CA-B980-9B5E0921212F}
		{E2A07273-6817-424B-A251-4F20991858F5} = {71C4A502-4820-40CA-B980-9B5E0921212F}
		{07B54215-27AE-4EB9-B628-8F73A43F20BD} = {1CF3AAFA-DEA5-4070-A18D-12FDD67FFFA5}
		{2CB9077F-4693-42C9-80D4-4A97D55EF291} = {8D86B9E9-DCB9-4B9C-B99A-9295E14B9CE7}
	EndGlobalSection
	GlobalSection(ExtensibilityGlobals) = postSolution
		SolutionGuid = {F2CD7262-3DB0-490B-926E-36F514C62066}
	EndGlobalSection
EndGlobal
